
Microsoft Visual Studio Solution File, Format Version 12.00
# Visual Studio 15
VisualStudioVersion = 15.0.27428.2043
MinimumVisualStudioVersion = 10.0.40219.1
Project("{9A19103F-16F7-4668-BE54-9A1E7A4F7556}") = "Wobble", "Wobble\Wobble.csproj", "{2EF58ECD-C062-47FA-BB08-E6E6E558FAD5}"
EndProject
Project("{9A19103F-16F7-4668-BE54-9A1E7A4F7556}") = "Wobble.Tests", "Wobble.Tests\Wobble.Tests.csproj", "{84810B6E-3106-4F06-BCA5-2F45EB003C4A}"
EndProject
Project("{9A19103F-16F7-4668-BE54-9A1E7A4F7556}") = "Wobble.Resources", "Wobble.Resources\Wobble.Resources.csproj", "{EA7C05F2-D916-4BE5-A55C-69DF9343D0A7}"
EndProject
Project("{9A19103F-16F7-4668-BE54-9A1E7A4F7556}") = "Wobble.Tests.Resources", "Wobble.Tests.Resources\Wobble.Tests.Resources.csproj", "{F7229D04-BC95-462A-863F-B4A4C519EE11}"
EndProject
Project("{FAE04EC0-301F-11D3-BF4B-00C04F79EFBC}") = "Wobble.Extended", "Wobble.Extended\Wobble.Extended.csproj", "{74F12E62-87ED-4E93-A829-A7E1B06EE0BC}"
EndProject
Project("{FAE04EC0-301F-11D3-BF4B-00C04F79EFBC}") = "Wobble.Tests.Hotload", "Wobble.Tests.Hotload\Wobble.Tests.Hotload.csproj", "{AB46D815-2DA6-452A-9A99-4AF5CF06D19F}"
EndProject
Project("{FAE04EC0-301F-11D3-BF4B-00C04F79EFBC}") = "MonoGame.Framework.DesktopGL", "MonoGame\MonoGame.Framework\MonoGame.Framework.DesktopGL.csproj", "{C93E372C-7A7D-4657-A514-C4EF20960E50}"
EndProject
Project("{FAE04EC0-301F-11D3-BF4B-00C04F79EFBC}") = "Wobble.Tests.Unit", "Wobble.Tests.Unit\Wobble.Tests.Unit.csproj", "{A8B8CC69-03FC-47B5-85DB-87A7EEEDBF2C}"
EndProject
Project("{FAE04EC0-301F-11D3-BF4B-00C04F79EFBC}") = "SpriteFontPlus", "SpriteFontPlus\src\SpriteFontPlus\SpriteFontPlus.csproj", "{8C770216-930A-4C0B-92F7-4E747F905C89}"
EndProject
Global
	GlobalSection(SolutionConfigurationPlatforms) = preSolution
		Debug|Any CPU = Debug|Any CPU
		Release|Any CPU = Release|Any CPU
	EndGlobalSection
	GlobalSection(ProjectConfigurationPlatforms) = postSolution
		{2EF58ECD-C062-47FA-BB08-E6E6E558FAD5}.Debug|Any CPU.ActiveCfg = Debug|Any CPU
		{2EF58ECD-C062-47FA-BB08-E6E6E558FAD5}.Debug|Any CPU.Build.0 = Debug|Any CPU
		{2EF58ECD-C062-47FA-BB08-E6E6E558FAD5}.Release|Any CPU.ActiveCfg = Release|Any CPU
		{2EF58ECD-C062-47FA-BB08-E6E6E558FAD5}.Release|Any CPU.Build.0 = Release|Any CPU
		{84810B6E-3106-4F06-BCA5-2F45EB003C4A}.Debug|Any CPU.ActiveCfg = Debug|Any CPU
		{84810B6E-3106-4F06-BCA5-2F45EB003C4A}.Debug|Any CPU.Build.0 = Debug|Any CPU
		{84810B6E-3106-4F06-BCA5-2F45EB003C4A}.Release|Any CPU.ActiveCfg = Release|Any CPU
		{84810B6E-3106-4F06-BCA5-2F45EB003C4A}.Release|Any CPU.Build.0 = Release|Any CPU
		{EA7C05F2-D916-4BE5-A55C-69DF9343D0A7}.Debug|Any CPU.ActiveCfg = Debug|Any CPU
		{EA7C05F2-D916-4BE5-A55C-69DF9343D0A7}.Debug|Any CPU.Build.0 = Debug|Any CPU
		{EA7C05F2-D916-4BE5-A55C-69DF9343D0A7}.Release|Any CPU.ActiveCfg = Release|Any CPU
		{EA7C05F2-D916-4BE5-A55C-69DF9343D0A7}.Release|Any CPU.Build.0 = Release|Any CPU
		{F7229D04-BC95-462A-863F-B4A4C519EE11}.Debug|Any CPU.ActiveCfg = Debug|Any CPU
		{F7229D04-BC95-462A-863F-B4A4C519EE11}.Debug|Any CPU.Build.0 = Debug|Any CPU
		{F7229D04-BC95-462A-863F-B4A4C519EE11}.Release|Any CPU.ActiveCfg = Release|Any CPU
		{F7229D04-BC95-462A-863F-B4A4C519EE11}.Release|Any CPU.Build.0 = Release|Any CPU
		{74F12E62-87ED-4E93-A829-A7E1B06EE0BC}.Debug|Any CPU.ActiveCfg = Debug|Any CPU
		{74F12E62-87ED-4E93-A829-A7E1B06EE0BC}.Debug|Any CPU.Build.0 = Debug|Any CPU
		{74F12E62-87ED-4E93-A829-A7E1B06EE0BC}.Release|Any CPU.ActiveCfg = Release|Any CPU
		{74F12E62-87ED-4E93-A829-A7E1B06EE0BC}.Release|Any CPU.Build.0 = Release|Any CPU
		{AB46D815-2DA6-452A-9A99-4AF5CF06D19F}.Debug|Any CPU.ActiveCfg = Debug|Any CPU
		{AB46D815-2DA6-452A-9A99-4AF5CF06D19F}.Debug|Any CPU.Build.0 = Debug|Any CPU
		{AB46D815-2DA6-452A-9A99-4AF5CF06D19F}.Release|Any CPU.ActiveCfg = Release|Any CPU
		{AB46D815-2DA6-452A-9A99-4AF5CF06D19F}.Release|Any CPU.Build.0 = Release|Any CPU
		{C93E372C-7A7D-4657-A514-C4EF20960E50}.Debug|Any CPU.ActiveCfg = Debug|Any CPU
		{C93E372C-7A7D-4657-A514-C4EF20960E50}.Debug|Any CPU.Build.0 = Debug|Any CPU
		{C93E372C-7A7D-4657-A514-C4EF20960E50}.Release|Any CPU.ActiveCfg = Release|Any CPU
		{C93E372C-7A7D-4657-A514-C4EF20960E50}.Release|Any CPU.Build.0 = Release|Any CPU
		{A8B8CC69-03FC-47B5-85DB-87A7EEEDBF2C}.Debug|Any CPU.ActiveCfg = Debug|Any CPU
		{A8B8CC69-03FC-47B5-85DB-87A7EEEDBF2C}.Debug|Any CPU.Build.0 = Debug|Any CPU
		{A8B8CC69-03FC-47B5-85DB-87A7EEEDBF2C}.Release|Any CPU.ActiveCfg = Release|Any CPU
		{A8B8CC69-03FC-47B5-85DB-87A7EEEDBF2C}.Release|Any CPU.Build.0 = Release|Any CPU
		{8C770216-930A-4C0B-92F7-4E747F905C89}.Debug|Any CPU.ActiveCfg = Debug|Any CPU
		{8C770216-930A-4C0B-92F7-4E747F905C89}.Debug|Any CPU.Build.0 = Debug|Any CPU
		{8C770216-930A-4C0B-92F7-4E747F905C89}.Release|Any CPU.ActiveCfg = Release|Any CPU
		{8C770216-930A-4C0B-92F7-4E747F905C89}.Release|Any CPU.Build.0 = Release|Any CPU
	EndGlobalSection
	GlobalSection(SolutionProperties) = preSolution
		HideSolutionNode = FALSE
	EndGlobalSection
	GlobalSection(ExtensibilityGlobals) = postSolution
		SolutionGuid = {8E063E07-87A1-4D14-A36F-9A7A3123FE13}
	EndGlobalSection
EndGlobal
